
Microsoft Visual Studio Solution File, Format Version 12.00
# Visual Studio Version 17
VisualStudioVersion = 17.11.35312.102
MinimumVisualStudioVersion = 10.0.40219.1
Project("{9A19103F-16F7-4668-BE54-9A1E7A4F7556}") = "Main", "Main\Main.csproj", "{99E3B1B6-0B10-42ED-A0D3-36CD5EFEA501}"
EndProject
Global
	GlobalSection(SolutionConfigurationPlatforms) = preSolution
		Debug|Any CPU = Debug|Any CPU
		Release|Any CPU = Release|Any CPU
	EndGlobalSection
	GlobalSection(ProjectConfigurationPlatforms) = postSolution
		{99E3B1B6-0B10-42ED-A0D3-36CD5EFEA501}.Debug|Any CPU.ActiveCfg = Debug|Any CPU
		{99E3B1B6-0B10-42ED-A0D3-36CD5EFEA501}.Debug|Any CPU.Build.0 = Debug|Any CPU
		{99E3B1B6-0B10-42ED-A0D3-36CD5EFEA501}.Release|Any CPU.ActiveCfg = Release|Any CPU
		{99E3B1B6-0B10-42ED-A0D3-36CD5EFEA501}.Release|Any CPU.Build.0 = Release|Any CPU
	EndGlobalSection
	GlobalSection(SolutionProperties) = preSolution
		HideSolutionNode = FALSE
	EndGlobalSection
	GlobalSection(ExtensibilityGlobals) = postSolution
		SolutionGuid = {03A852E7-E444-4D37-901A-62A0B4032CDC}
	EndGlobalSection
EndGlobal
